
Microsoft Visual Studio Solution File, Format Version 12.00
# Visual Studio Version 17
VisualStudioVersion = 17.14.36310.24
MinimumVisualStudioVersion = 10.0.40219.1
Project("{00D1A9C2-B5F0-4AF3-8072-F6C62B433612}") = "Ejemplo1_base", "Ejemplo1_base\Ejemplo1_base.sqlproj", "{9912ADD8-E34C-4F8B-9FC2-9159BDFA15B2}"
EndProject
Project("{FAE04EC0-301F-11D3-BF4B-00C04F79EFBC}") = "Ejemplo2_insert", "Ejemplo2_insert\Ejemplo2_insert.csproj", "{1A89D735-3117-4DDF-AA77-A258FCC65A56}"
EndProject
Project("{FAE04EC0-301F-11D3-BF4B-00C04F79EFBC}") = "EncuestasData", "EncuestasData\EncuestasData.csproj", "{ADC4F556-5D72-4D92-80C3-A4D4843EDB3A}"
EndProject
Global
	GlobalSection(SolutionConfigurationPlatforms) = preSolution
		Debug|Any CPU = Debug|Any CPU
		Release|Any CPU = Release|Any CPU
	EndGlobalSection
	GlobalSection(ProjectConfigurationPlatforms) = postSolution
		{9912ADD8-E34C-4F8B-9FC2-9159BDFA15B2}.Debug|Any CPU.ActiveCfg = Debug|Any CPU
		{9912ADD8-E34C-4F8B-9FC2-9159BDFA15B2}.Debug|Any CPU.Build.0 = Debug|Any CPU
		{9912ADD8-E34C-4F8B-9FC2-9159BDFA15B2}.Debug|Any CPU.Deploy.0 = Debug|Any CPU
		{9912ADD8-E34C-4F8B-9FC2-9159BDFA15B2}.Release|Any CPU.ActiveCfg = Release|Any CPU
		{9912ADD8-E34C-4F8B-9FC2-9159BDFA15B2}.Release|Any CPU.Build.0 = Release|Any CPU
		{9912ADD8-E34C-4F8B-9FC2-9159BDFA15B2}.Release|Any CPU.Deploy.0 = Release|Any CPU
		{1A89D735-3117-4DDF-AA77-A258FCC65A56}.Debug|Any CPU.ActiveCfg = Debug|Any CPU
		{1A89D735-3117-4DDF-AA77-A258FCC65A56}.Debug|Any CPU.Build.0 = Debug|Any CPU
		{1A89D735-3117-4DDF-AA77-A258FCC65A56}.Release|Any CPU.ActiveCfg = Release|Any CPU
		{1A89D735-3117-4DDF-AA77-A258FCC65A56}.Release|Any CPU.Build.0 = Release|Any CPU
		{ADC4F556-5D72-4D92-80C3-A4D4843EDB3A}.Debug|Any CPU.ActiveCfg = Debug|Any CPU
		{ADC4F556-5D72-4D92-80C3-A4D4843EDB3A}.Debug|Any CPU.Build.0 = Debug|Any CPU
		{ADC4F556-5D72-4D92-80C3-A4D4843EDB3A}.Release|Any CPU.ActiveCfg = Release|Any CPU
		{ADC4F556-5D72-4D92-80C3-A4D4843EDB3A}.Release|Any CPU.Build.0 = Release|Any CPU
	EndGlobalSection
	GlobalSection(SolutionProperties) = preSolution
		HideSolutionNode = FALSE
	EndGlobalSection
	GlobalSection(ExtensibilityGlobals) = postSolution
		SolutionGuid = {42068D31-E4E8-4AED-93DA-58E3E16E0441}
	EndGlobalSection
EndGlobal
